
Microsoft Visual Studio Solution File, Format Version 12.00
# Visual Studio Version 17
VisualStudioVersion = 17.7.34018.315
MinimumVisualStudioVersion = 10.0.40219.1
Project("{FAE04EC0-301F-11D3-BF4B-00C04F79EFBC}") = "WpfChinook", "WpfChinook\WpfChinook.csproj", "{7B800DF5-5B2E-4AB9-B5D0-EBB11F4B51D9}"
EndProject
Global
	GlobalSection(SolutionConfigurationPlatforms) = preSolution
		Debug|Any CPU = Debug|Any CPU
		Release|Any CPU = Release|Any CPU
	EndGlobalSection
	GlobalSection(ProjectConfigurationPlatforms) = postSolution
		{7B800DF5-5B2E-4AB9-B5D0-EBB11F4B51D9}.Debug|Any CPU.ActiveCfg = Debug|Any CPU
		{7B800DF5-5B2E-4AB9-B5D0-EBB11F4B51D9}.Debug|Any CPU.Build.0 = Debug|Any CPU
		{7B800DF5-5B2E-4AB9-B5D0-EBB11F4B51D9}.Release|Any CPU.ActiveCfg = Release|Any CPU
		{7B800DF5-5B2E-4AB9-B5D0-EBB11F4B51D9}.Release|Any CPU.Build.0 = Release|Any CPU
	EndGlobalSection
	GlobalSection(SolutionProperties) = preSolution
		HideSolutionNode = FALSE
	EndGlobalSection
	GlobalSection(ExtensibilityGlobals) = postSolution
		SolutionGuid = {F591FACD-7E0B-4653-8B7E-785FF47FE9F9}
	EndGlobalSection
EndGlobal
